// !$*UTF8*$!
{
	archiveVersion = 1;
	classes = {
	};
	objectVersion = 56;
	objects = {

/* Begin PBXBuildFile section */
		18A241142CB5CEC800C58DCA /* SnakeGameApp.swift in Sources */ = {isa = PBXBuildFile; fileRef = 18A241132CB5CEC800C58DCA /* SnakeGameApp.swift */; };
		18A241162CB5CEC800C58DCA /* ContentView.swift in Sources */ = {isa = PBXBuildFile; fileRef = 18A241152CB5CEC800C58DCA /* ContentView.swift */; };
		18A241182CB5CEC900C58DCA /* Assets.xcassets in Resources */ = {isa = PBXBuildFile; fileRef = 18A241172CB5CEC900C58DCA /* Assets.xcassets */; };
		18A2411B2CB5CEC900C58DCA /* Preview Assets.xcassets in Resources */ = {isa = PBXBuildFile; fileRef = 18A2411A2CB5CEC900C58DCA /* Preview Assets.xcassets */; };
		18A241252CB5CEC900C58DCA /* SnakeGameTests.swift in Sources */ = {isa = PBXBuildFile; fileRef = 18A241242CB5CEC900C58DCA /* SnakeGameTests.swift */; };
		18A2412F2CB5CEC900C58DCA /* SnakeGameUITests.swift in Sources */ = {isa = PBXBuildFile; fileRef = 18A2412E2CB5CEC900C58DCA /* SnakeGameUITests.swift */; };
		18A241312CB5CEC900C58DCA /* SnakeGameUITestsLaunchTests.swift in Sources */ = {isa = PBXBuildFile; fileRef = 18A241302CB5CEC900C58DCA /* SnakeGameUITestsLaunchTests.swift */; };
/* End PBXBuildFile section */

/* Begin PBXContainerItemProxy section */
		18A241212CB5CEC900C58DCA /* PBXContainerItemProxy */ = {
			isa = PBXContainerItemProxy;
			containerPortal = 18A241082CB5CEC800C58DCA /* Project object */;
			proxyType = 1;
			remoteGlobalIDString = 18A2410F2CB5CEC800C58DCA;
			remoteInfo = SnakeGame;
		};
		18A2412B2CB5CEC900C58DCA /* PBXContainerItemProxy */ = {
			isa = PBXContainerItemProxy;
			containerPortal = 18A241082CB5CEC800C58DCA /* Project object */;
			proxyType = 1;
			remoteGlobalIDString = 18A2410F2CB5CEC800C58DCA;
			remoteInfo = SnakeGame;
		};
/* End PBXContainerItemProxy section */

/* Begin PBXFileReference section */
		18A241102CB5CEC800C58DCA /* SnakeGame.app */ = {isa = PBXFileReference; explicitFileType = wrapper.application; includeInIndex = 0; path = SnakeGame.app; sourceTree = BUILT_PRODUCTS_DIR; };
		18A241132CB5CEC800C58DCA /* SnakeGameApp.swift */ = {isa = PBXFileReference; lastKnownFileType = sourcecode.swift; path = SnakeGameApp.swift; sourceTree = "<group>"; };
		18A241152CB5CEC800C58DCA /* ContentView.swift */ = {isa = PBXFileReference; lastKnownFileType = sourcecode.swift; path = ContentView.swift; sourceTree = "<group>"; };
		18A241172CB5CEC900C58DCA /* Assets.xcassets */ = {isa = PBXFileReference; lastKnownFileType = folder.assetcatalog; path = Assets.xcassets; sourceTree = "<group>"; };
		18A2411A2CB5CEC900C58DCA /* Preview Assets.xcassets */ = {isa = PBXFileReference; lastKnownFileType = folder.assetcatalog; path = "Preview Assets.xcassets"; sourceTree = "<group>"; };
		18A241202CB5CEC900C58DCA /* SnakeGameTests.xctest */ = {isa = PBXFileReference; explicitFileType = wrapper.cfbundle; includeInIndex = 0; path = SnakeGameTests.xctest; sourceTree = BUILT_PRODUCTS_DIR; };
		18A241242CB5CEC900C58DCA /* SnakeGameTests.swift */ = {isa = PBXFileReference; lastKnownFileType = sourcecode.swift; path = SnakeGameTests.swift; sourceTree = "<group>"; };
		18A2412A2CB5CEC900C58DCA /* SnakeGameUITests.xctest */ = {isa = PBXFileReference; explicitFileType = wrapper.cfbundle; includeInIndex = 0; path = SnakeGameUITests.xctest; sourceTree = BUILT_PRODUCTS_DIR; };
		18A2412E2CB5CEC900C58DCA /* SnakeGameUITests.swift */ = {isa = PBXFileReference; lastKnownFileType = sourcecode.swift; path = SnakeGameUITests.swift; sourceTree = "<group>"; };
		18A241302CB5CEC900C58DCA /* SnakeGameUITestsLaunchTests.swift */ = {isa = PBXFileReference; lastKnownFileType = sourcecode.swift; path = SnakeGameUITestsLaunchTests.swift; sourceTree = "<group>"; };
/* End PBXFileReference section */

/* Begin PBXFrameworksBuildPhase section */
		18A2410D2CB5CEC800C58DCA /* Frameworks */ = {
			isa = PBXFrameworksBuildPhase;
			buildActionMask = 2147483647;
			files = (
			);
			runOnlyForDeploymentPostprocessing = 0;
		};
		18A2411D2CB5CEC900C58DCA /* Frameworks */ = {
			isa = PBXFrameworksBuildPhase;
			buildActionMask = 2147483647;
			files = (
			);
			runOnlyForDeploymentPostprocessing = 0;
		};
		18A241272CB5CEC900C58DCA /* Frameworks */ = {
			isa = PBXFrameworksBuildPhase;
			buildActionMask = 2147483647;
			files = (
			);
			runOnlyForDeploymentPostprocessing = 0;
		};
/* End PBXFrameworksBuildPhase section */

/* Begin PBXGroup section */
		18A241072CB5CEC800C58DCA = {
			isa = PBXGroup;
			children = (
				18A241122CB5CEC800C58DCA /* SnakeGame */,
				18A241232CB5CEC900C58DCA /* SnakeGameTests */,
				18A2412D2CB5CEC900C58DCA /* SnakeGameUITests */,
				18A241112CB5CEC800C58DCA /* Products */,
			);
			sourceTree = "<group>";
		};
		18A241112CB5CEC800C58DCA /* Products */ = {
			isa = PBXGroup;
			children = (
				18A241102CB5CEC800C58DCA /* SnakeGame.app */,
				18A241202CB5CEC900C58DCA /* SnakeGameTests.xctest */,
				18A2412A2CB5CEC900C58DCA /* SnakeGameUITests.xctest */,
			);
			name = Products;
			sourceTree = "<group>";
		};
		18A241122CB5CEC800C58DCA /* SnakeGame */ = {
			isa = PBXGroup;
			children = (
				18A241132CB5CEC800C58DCA /* SnakeGameApp.swift */,
				18A241152CB5CEC800C58DCA /* ContentView.swift */,
				18A241172CB5CEC900C58DCA /* Assets.xcassets */,
				18A241192CB5CEC900C58DCA /* Preview Content */,
			);
			path = SnakeGame;
			sourceTree = "<group>";
		};
		18A241192CB5CEC900C58DCA /* Preview Content */ = {
			isa = PBXGroup;
			children = (
				18A2411A2CB5CEC900C58DCA /* Preview Assets.xcassets */,
			);
			path = "Preview Content";
			sourceTree = "<group>";
		};
		18A241232CB5CEC900C58DCA /* SnakeGameTests */ = {
			isa = PBXGroup;
			children = (
				18A241242CB5CEC900C58DCA /* SnakeGameTests.swift */,
			);
			path = SnakeGameTests;
			sourceTree = "<group>";
		};
		18A2412D2CB5CEC900C58DCA /* SnakeGameUITests */ = {
			isa = PBXGroup;
			children = (
				18A2412E2CB5CEC900C58DCA /* SnakeGameUITests.swift */,
				18A241302CB5CEC900C58DCA /* SnakeGameUITestsLaunchTests.swift */,
			);
			path = SnakeGameUITests;
			sourceTree = "<group>";
		};
/* End PBXGroup section */

/* Begin PBXNativeTarget section */
		18A2410F2CB5CEC800C58DCA /* SnakeGame */ = {
			isa = PBXNativeTarget;
			buildConfigurationList = 18A241342CB5CEC900C58DCA /* Build configuration list for PBXNativeTarget "SnakeGame" */;
			buildPhases = (
				18A2410C2CB5CEC800C58DCA /* Sources */,
				18A2410D2CB5CEC800C58DCA /* Frameworks */,
				18A2410E2CB5CEC800C58DCA /* Resources */,
			);
			buildRules = (
			);
			dependencies = (
			);
			name = SnakeGame;
			productName = SnakeGame;
			productReference = 18A241102CB5CEC800C58DCA /* SnakeGame.app */;
			productType = "com.apple.product-type.application";
		};
		18A2411F2CB5CEC900C58DCA /* SnakeGameTests */ = {
			isa = PBXNativeTarget;
			buildConfigurationList = 18A241372CB5CEC900C58DCA /* Build configuration list for PBXNativeTarget "SnakeGameTests" */;
			buildPhases = (
				18A2411C2CB5CEC900C58DCA /* Sources */,
				18A2411D2CB5CEC900C58DCA /* Frameworks */,
				18A2411E2CB5CEC900C58DCA /* Resources */,
			);
			buildRules = (
			);
			dependencies = (
				18A241222CB5CEC900C58DCA /* PBXTargetDependency */,
			);
			name = SnakeGameTests;
			productName = SnakeGameTests;
			productReference = 18A241202CB5CEC900C58DCA /* SnakeGameTests.xctest */;
			productType = "com.apple.product-type.bundle.unit-test";
		};
		18A241292CB5CEC900C58DCA /* SnakeGameUITests */ = {
			isa = PBXNativeTarget;
			buildConfigurationList = 18A2413A2CB5CEC900C58DCA /* Build configuration list for PBXNativeTarget "SnakeGameUITests" */;
			buildPhases = (
				18A241262CB5CEC900C58DCA /* Sources */,
				18A241272CB5CEC900C58DCA /* Frameworks */,
				18A241282CB5CEC900C58DCA /* Resources */,
			);
			buildRules = (
			);
			dependencies = (
				18A2412C2CB5CEC900C58DCA /* PBXTargetDependency */,
			);
			name = SnakeGameUITests;
			productName = SnakeGameUITests;
			productReference = 18A2412A2CB5CEC900C58DCA /* SnakeGameUITests.xctest */;
			productType = "com.apple.product-type.bundle.ui-testing";
		};
/* End PBXNativeTarget section */

/* Begin PBXProject section */
		18A241082CB5CEC800C58DCA /* Project object */ = {
			isa = PBXProject;
			attributes = {
				BuildIndependentTargetsInParallel = 1;
				LastSwiftUpdateCheck = 1520;
				LastUpgradeCheck = 1520;
				TargetAttributes = {
					18A2410F2CB5CEC800C58DCA = {
						CreatedOnToolsVersion = 15.2;
					};
					18A2411F2CB5CEC900C58DCA = {
						CreatedOnToolsVersion = 15.2;
						TestTargetID = 18A2410F2CB5CEC800C58DCA;
					};
					18A241292CB5CEC900C58DCA = {
						CreatedOnToolsVersion = 15.2;
						TestTargetID = 18A2410F2CB5CEC800C58DCA;
					};
				};
			};
			buildConfigurationList = 18A2410B2CB5CEC800C58DCA /* Build configuration list for PBXProject "SnakeGame" */;
			compatibilityVersion = "Xcode 14.0";
			developmentRegion = en;
			hasScannedForEncodings = 0;
			knownRegions = (
				en,
				Base,
			);
			mainGroup = 18A241072CB5CEC800C58DCA;
			productRefGroup = 18A241112CB5CEC800C58DCA /* Products */;
			projectDirPath = "";
			projectRoot = "";
			targets = (
				18A2410F2CB5CEC800C58DCA /* SnakeGame */,
				18A2411F2CB5CEC900C58DCA /* SnakeGameTests */,
				18A241292CB5CEC900C58DCA /* SnakeGameUITests */,
			);
		};
/* End PBXProject section */

/* Begin PBXResourcesBuildPhase section */
		18A2410E2CB5CEC800C58DCA /* Resources */ = {
			isa = PBXResourcesBuildPhase;
			buildActionMask = 2147483647;
			files = (
				18A2411B2CB5CEC900C58DCA /* Preview Assets.xcassets in Resources */,
				18A241182CB5CEC900C58DCA /* Assets.xcassets in Resources */,
			);
			runOnlyForDeploymentPostprocessing = 0;
		};
		18A2411E2CB5CEC900C58DCA /* Resources */ = {
			isa = PBXResourcesBuildPhase;
			buildActionMask = 2147483647;
			files = (
			);
			runOnlyForDeploymentPostprocessing = 0;
		};
		18A241282CB5CEC900C58DCA /* Resources */ = {
			isa = PBXResourcesBuildPhase;
			buildActionMask = 2147483647;
			files = (
			);
			runOnlyForDeploymentPostprocessing = 0;
		};
/* End PBXResourcesBuildPhase section */

/* Begin PBXSourcesBuildPhase section */
		18A2410C2CB5CEC800C58DCA /* Sources */ = {
			isa = PBXSourcesBuildPhase;
			buildActionMask = 2147483647;
			files = (
				18A241162CB5CEC800C58DCA /* ContentView.swift in Sources */,
				18A241142CB5CEC800C58DCA /* SnakeGameApp.swift in Sources */,
			);
			runOnlyForDeploymentPostprocessing = 0;
		};
		18A2411C2CB5CEC900C58DCA /* Sources */ = {
			isa = PBXSourcesBuildPhase;
			buildActionMask = 2147483647;
			files = (
				18A241252CB5CEC900C58DCA /* SnakeGameTests.swift in Sources */,
			);
			runOnlyForDeploymentPostprocessing = 0;
		};
		18A241262CB5CEC900C58DCA /* Sources */ = {
			isa = PBXSourcesBuildPhase;
			buildActionMask = 2147483647;
			files = (
				18A2412F2CB5CEC900C58DCA /* SnakeGameUITests.swift in Sources */,
				18A241312CB5CEC900C58DCA /* SnakeGameUITestsLaunchTests.swift in Sources */,
			);
			runOnlyForDeploymentPostprocessing = 0;
		};
/* End PBXSourcesBuildPhase section */

/* Begin PBXTargetDependency section */
		18A241222CB5CEC900C58DCA /* PBXTargetDependency */ = {
			isa = PBXTargetDependency;
			target = 18A2410F2CB5CEC800C58DCA /* SnakeGame */;
			targetProxy = 18A241212CB5CEC900C58DCA /* PBXContainerItemProxy */;
		};
		18A2412C2CB5CEC900C58DCA /* PBXTargetDependency */ = {
			isa = PBXTargetDependency;
			target = 18A2410F2CB5CEC800C58DCA /* SnakeGame */;
			targetProxy = 18A2412B2CB5CEC900C58DCA /* PBXContainerItemProxy */;
		};
/* End PBXTargetDependency section */

/* Begin XCBuildConfiguration section */
		18A241322CB5CEC900C58DCA /* Debug */ = {
			isa = XCBuildConfiguration;
			buildSettings = {
				ALWAYS_SEARCH_USER_PATHS = NO;
				ASSETCATALOG_COMPILER_GENERATE_SWIFT_ASSET_SYMBOL_EXTENSIONS = YES;
				CLANG_ANALYZER_NONNULL = YES;
				CLANG_ANALYZER_NUMBER_OBJECT_CONVERSION = YES_AGGRESSIVE;
				CLANG_CXX_LANGUAGE_STANDARD = "gnu++20";
				CLANG_ENABLE_MODULES = YES;
				CLANG_ENABLE_OBJC_ARC = YES;
				CLANG_ENABLE_OBJC_WEAK = YES;
				CLANG_WARN_BLOCK_CAPTURE_AUTORELEASING = YES;
				CLANG_WARN_BOOL_CONVERSION = YES;
				CLANG_WARN_COMMA = YES;
				CLANG_WARN_CONSTANT_CONVERSION = YES;
				CLANG_WARN_DEPRECATED_OBJC_IMPLEMENTATIONS = YES;
				CLANG_WARN_DIRECT_OBJC_ISA_USAGE = YES_ERROR;
				CLANG_WARN_DOCUMENTATION_COMMENTS = YES;
				CLANG_WARN_EMPTY_BODY = YES;
				CLANG_WARN_ENUM_CONVERSION = YES;
				CLANG_WARN_INFINITE_RECURSION = YES;
				CLANG_WARN_INT_CONVERSION = YES;
				CLANG_WARN_NON_LITERAL_NULL_CONVERSION = YES;
				CLANG_WARN_OBJC_IMPLICIT_RETAIN_SELF = YES;
				CLANG_WARN_OBJC_LITERAL_CONVERSION = YES;
				CLANG_WARN_OBJC_ROOT_CLASS = YES_ERROR;
				CLANG_WARN_QUOTED_INCLUDE_IN_FRAMEWORK_HEADER = YES;
				CLANG_WARN_RANGE_LOOP_ANALYSIS = YES;
				CLANG_WARN_STRICT_PROTOTYPES = YES;
				CLANG_WARN_SUSPICIOUS_MOVE = YES;
				CLANG_WARN_UNGUARDED_AVAILABILITY = YES_AGGRESSIVE;
				CLANG_WARN_UNREACHABLE_CODE = YES;
				CLANG_WARN__DUPLICATE_METHOD_MATCH = YES;
				COPY_PHASE_STRIP = NO;
				DEBUG_INFORMATION_FORMAT = dwarf;
				ENABLE_STRICT_OBJC_MSGSEND = YES;
				ENABLE_TESTABILITY = YES;
				ENABLE_USER_SCRIPT_SANDBOXING = YES;
				GCC_C_LANGUAGE_STANDARD = gnu17;
				GCC_DYNAMIC_NO_PIC = NO;
				GCC_NO_COMMON_BLOCKS = YES;
				GCC_OPTIMIZATION_LEVEL = 0;
				GCC_PREPROCESSOR_DEFINITIONS = (
					"DEBUG=1",
					"$(inherited)",
				);
				GCC_WARN_64_TO_32_BIT_CONVERSION = YES;
				GCC_WARN_ABOUT_RETURN_TYPE = YES_ERROR;
				GCC_WARN_UNDECLARED_SELECTOR = YES;
				GCC_WARN_UNINITIALIZED_AUTOS = YES_AGGRESSIVE;
				GCC_WARN_UNUSED_FUNCTION = YES;
				GCC_WARN_UNUSED_VARIABLE = YES;
				IPHONEOS_DEPLOYMENT_TARGET = 17.2;
				LOCALIZATION_PREFERS_STRING_CATALOGS = YES;
				MTL_ENABLE_DEBUG_INFO = INCLUDE_SOURCE;
				MTL_FAST_MATH = YES;
				ONLY_ACTIVE_ARCH = YES;
				SDKROOT = iphoneos;
				SWIFT_ACTIVE_COMPILATION_CONDITIONS = "DEBUG $(inherited)";
				SWIFT_OPTIMIZATION_LEVEL = "-Onone";
			};
			name = Debug;
		};
		18A241332CB5CEC900C58DCA /* Release */ = {
			isa = XCBuildConfiguration;
			buildSettings = {
				ALWAYS_SEARCH_USER_PATHS = NO;
				ASSETCATALOG_COMPILER_GENERATE_SWIFT_ASSET_SYMBOL_EXTENSIONS = YES;
				CLANG_ANALYZER_NONNULL = YES;
				CLANG_ANALYZER_NUMBER_OBJECT_CONVERSION = YES_AGGRESSIVE;
				CLANG_CXX_LANGUAGE_STANDARD = "gnu++20";
				CLANG_ENABLE_MODULES = YES;
				CLANG_ENABLE_OBJC_ARC = YES;
				CLANG_ENABLE_OBJC_WEAK = YES;
				CLANG_WARN_BLOCK_CAPTURE_AUTORELEASING = YES;
				CLANG_WARN_BOOL_CONVERSION = YES;
				CLANG_WARN_COMMA = YES;
				CLANG_WARN_CONSTANT_CONVERSION = YES;
				CLANG_WARN_DEPRECATED_OBJC_IMPLEMENTATIONS = YES;
				CLANG_WARN_DIRECT_OBJC_ISA_USAGE = YES_ERROR;
				CLANG_WARN_DOCUMENTATION_COMMENTS = YES;
				CLANG_WARN_EMPTY_BODY = YES;
				CLANG_WARN_ENUM_CONVERSION = YES;
				CLANG_WARN_INFINITE_RECURSION = YES;
				CLANG_WARN_INT_CONVERSION = YES;
				CLANG_WARN_NON_LITERAL_NULL_CONVERSION = YES;
				CLANG_WARN_OBJC_IMPLICIT_RETAIN_SELF = YES;
				CLANG_WARN_OBJC_LITERAL_CONVERSION = YES;
				CLANG_WARN_OBJC_ROOT_CLASS = YES_ERROR;
				CLANG_WARN_QUOTED_INCLUDE_IN_FRAMEWORK_HEADER = YES;
				CLANG_WARN_RANGE_LOOP_ANALYSIS = YES;
				CLANG_WARN_STRICT_PROTOTYPES = YES;
				CLANG_WARN_SUSPICIOUS_MOVE = YES;
				CLANG_WARN_UNGUARDED_AVAILABILITY = YES_AGGRESSIVE;
				CLANG_WARN_UNREACHABLE_CODE = YES;
				CLANG_WARN__DUPLICATE_METHOD_MATCH = YES;
				COPY_PHASE_STRIP = NO;
				DEBUG_INFORMATION_FORMAT = "dwarf-with-dsym";
				ENABLE_NS_ASSERTIONS = NO;
				ENABLE_STRICT_OBJC_MSGSEND = YES;
				ENABLE_USER_SCRIPT_SANDBOXING = YES;
				GCC_C_LANGUAGE_STANDARD = gnu17;
				GCC_NO_COMMON_BLOCKS = YES;
				GCC_WARN_64_TO_32_BIT_CONVERSION = YES;
				GCC_WARN_ABOUT_RETURN_TYPE = YES_ERROR;
				GCC_WARN_UNDECLARED_SELECTOR = YES;
				GCC_WARN_UNINITIALIZED_AUTOS = YES_AGGRESSIVE;
				GCC_WARN_UNUSED_FUNCTION = YES;
				GCC_WARN_UNUSED_VARIABLE = YES;
				IPHONEOS_DEPLOYMENT_TARGET = 17.2;
				LOCALIZATION_PREFERS_STRING_CATALOGS = YES;
				MTL_ENABLE_DEBUG_INFO = NO;
				MTL_FAST_MATH = YES;
				SDKROOT = iphoneos;
				SWIFT_COMPILATION_MODE = wholemodule;
				VALIDATE_PRODUCT = YES;
			};
			name = Release;
		};
		18A241352CB5CEC900C58DCA /* Debug */ = {
			isa = XCBuildConfiguration;
			buildSettings = {
				ASSETCATALOG_COMPILER_APPICON_NAME = AppIcon;
				ASSETCATALOG_COMPILER_GLOBAL_ACCENT_COLOR_NAME = AccentColor;
				CODE_SIGN_STYLE = Automatic;
				CURRENT_PROJECT_VERSION = 1;
				DEVELOPMENT_ASSET_PATHS = "\"SnakeGame/Preview Content\"";
				ENABLE_PREVIEWS = YES;
				GENERATE_INFOPLIST_FILE = YES;
				INFOPLIST_KEY_UIApplicationSceneManifest_Generation = YES;
				INFOPLIST_KEY_UIApplicationSupportsIndirectInputEvents = YES;
				INFOPLIST_KEY_UILaunchScreen_Generation = YES;
				INFOPLIST_KEY_UISupportedInterfaceOrientations_iPad = "UIInterfaceOrientationPortrait UIInterfaceOrientationPortraitUpsideDown UIInterfaceOrientationLandscapeLeft UIInterfaceOrientationLandscapeRight";
				INFOPLIST_KEY_UISupportedInterfaceOrientations_iPhone = "UIInterfaceOrientationPortrait UIInterfaceOrientationLandscapeLeft UIInterfaceOrientationLandscapeRight";
				LD_RUNPATH_SEARCH_PATHS = (
					"$(inherited)",
					"@executable_path/Frameworks",
				);
				MARKETING_VERSION = 1.0;
				PRODUCT_BUNDLE_IDENTIFIER = com.example.jcante.SnakeGame;
				PRODUCT_NAME = "$(TARGET_NAME)";
				SWIFT_EMIT_LOC_STRINGS = YES;
				SWIFT_VERSION = 5.0;
				TARGETED_DEVICE_FAMILY = "1,2";
			};
			name = Debug;
		};
		18A241362CB5CEC900C58DCA /* Release */ = {
			isa = XCBuildConfiguration;
			buildSettings = {
				ASSETCATALOG_COMPILER_APPICON_NAME = AppIcon;
				ASSETCATALOG_COMPILER_GLOBAL_ACCENT_COLOR_NAME = AccentColor;
				CODE_SIGN_STYLE = Automatic;
				CURRENT_PROJECT_VERSION = 1;
				DEVELOPMENT_ASSET_PATHS = "\"SnakeGame/Preview Content\"";
				ENABLE_PREVIEWS = YES;
				GENERATE_INFOPLIST_FILE = YES;
				INFOPLIST_KEY_UIApplicationSceneManifest_Generation = YES;
				INFOPLIST_KEY_UIApplicationSupportsIndirectInputEvents = YES;
				INFOPLIST_KEY_UILaunchScreen_Generation = YES;
				INFOPLIST_KEY_UISupportedInterfaceOrientations_iPad = "UIInterfaceOrientationPortrait UIInterfaceOrientationPortraitUpsideDown UIInterfaceOrientationLandscapeLeft UIInterfaceOrientationLandscapeRight";
				INFOPLIST_KEY_UISupportedInterfaceOrientations_iPhone = "UIInterfaceOrientationPortrait UIInterfaceOrientationLandscapeLeft UIInterfaceOrientationLandscapeRight";
				LD_RUNPATH_SEARCH_PATHS = (
					"$(inherited)",
					"@executable_path/Frameworks",
				);
				MARKETING_VERSION = 1.0;
				PRODUCT_BUNDLE_IDENTIFIER = com.example.jcante.SnakeGame;
				PRODUCT_NAME = "$(TARGET_NAME)";
				SWIFT_EMIT_LOC_STRINGS = YES;
				SWIFT_VERSION = 5.0;
				TARGETED_DEVICE_FAMILY = "1,2";
			};
			name = Release;
		};
		18A241382CB5CEC900C58DCA /* Debug */ = {
			isa = XCBuildConfiguration;
			buildSettings = {
				ALWAYS_EMBED_SWIFT_STANDARD_LIBRARIES = YES;
				BUNDLE_LOADER = "$(TEST_HOST)";
				CODE_SIGN_STYLE = Automatic;
				CURRENT_PROJECT_VERSION = 1;
				GENERATE_INFOPLIST_FILE = YES;
				IPHONEOS_DEPLOYMENT_TARGET = 17.2;
				MARKETING_VERSION = 1.0;
				PRODUCT_BUNDLE_IDENTIFIER = com.example.jcante.SnakeGameTests;
				PRODUCT_NAME = "$(TARGET_NAME)";
				SWIFT_EMIT_LOC_STRINGS = NO;
				SWIFT_VERSION = 5.0;
				TARGETED_DEVICE_FAMILY = "1,2";
				TEST_HOST = "$(BUILT_PRODUCTS_DIR)/SnakeGame.app/$(BUNDLE_EXECUTABLE_FOLDER_PATH)/SnakeGame";
			};
			name = Debug;
		};
		18A241392CB5CEC900C58DCA /* Release */ = {
			isa = XCBuildConfiguration;
			buildSettings = {
				ALWAYS_EMBED_SWIFT_STANDARD_LIBRARIES = YES;
				BUNDLE_LOADER = "$(TEST_HOST)";
				CODE_SIGN_STYLE = Automatic;
				CURRENT_PROJECT_VERSION = 1;
				GENERATE_INFOPLIST_FILE = YES;
				IPHONEOS_DEPLOYMENT_TARGET = 17.2;
				MARKETING_VERSION = 1.0;
				PRODUCT_BUNDLE_IDENTIFIER = com.example.jcante.SnakeGameTests;
				PRODUCT_NAME = "$(TARGET_NAME)";
				SWIFT_EMIT_LOC_STRINGS = NO;
				SWIFT_VERSION = 5.0;
				TARGETED_DEVICE_FAMILY = "1,2";
				TEST_HOST = "$(BUILT_PRODUCTS_DIR)/SnakeGame.app/$(BUNDLE_EXECUTABLE_FOLDER_PATH)/SnakeGame";
			};
			name = Release;
		};
		18A2413B2CB5CEC900C58DCA /* Debug */ = {
			isa = XCBuildConfiguration;
			buildSettings = {
				ALWAYS_EMBED_SWIFT_STANDARD_LIBRARIES = YES;
				CODE_SIGN_STYLE = Automatic;
				CURRENT_PROJECT_VERSION = 1;
				GENERATE_INFOPLIST_FILE = YES;
				MARKETING_VERSION = 1.0;
				PRODUCT_BUNDLE_IDENTIFIER = com.example.jcante.SnakeGameUITests;
				PRODUCT_NAME = "$(TARGET_NAME)";
				SWIFT_EMIT_LOC_STRINGS = NO;
				SWIFT_VERSION = 5.0;
				TARGETED_DEVICE_FAMILY = "1,2";
				TEST_TARGET_NAME = SnakeGame;
			};
			name = Debug;
		};
		18A2413C2CB5CEC900C58DCA /* Release */ = {
			isa = XCBuildConfiguration;
			buildSettings = {
				ALWAYS_EMBED_SWIFT_STANDARD_LIBRARIES = YES;
				CODE_SIGN_STYLE = Automatic;
				CURRENT_PROJECT_VERSION = 1;
				GENERATE_INFOPLIST_FILE = YES;
				MARKETING_VERSION = 1.0;
				PRODUCT_BUNDLE_IDENTIFIER = com.example.jcante.SnakeGameUITests;
				PRODUCT_NAME = "$(TARGET_NAME)";
				SWIFT_EMIT_LOC_STRINGS = NO;
				SWIFT_VERSION = 5.0;
				TARGETED_DEVICE_FAMILY = "1,2";
				TEST_TARGET_NAME = SnakeGame;
			};
			name = Release;
		};
/* End XCBuildConfiguration section */

/* Begin XCConfigurationList section */
		18A2410B2CB5CEC800C58DCA /* Build configuration list for PBXProject "SnakeGame" */ = {
			isa = XCConfigurationList;
			buildConfigurations = (
				18A241322CB5CEC900C58DCA /* Debug */,
				18A241332CB5CEC900C58DCA /* Release */,
			);
			defaultConfigurationIsVisible = 0;
			defaultConfigurationName = Release;
		};
		18A241342CB5CEC900C58DCA /* Build configuration list for PBXNativeTarget "SnakeGame" */ = {
			isa = XCConfigurationList;
			buildConfigurations = (
				18A241352CB5CEC900C58DCA /* Debug */,
				18A241362CB5CEC900C58DCA /* Release */,
			);
			defaultConfigurationIsVisible = 0;
			defaultConfigurationName = Release;
		};
		18A241372CB5CEC900C58DCA /* Build configuration list for PBXNativeTarget "SnakeGameTests" */ = {
			isa = XCConfigurationList;
			buildConfigurations = (
				18A241382CB5CEC900C58DCA /* Debug */,
				18A241392CB5CEC900C58DCA /* Release */,
			);
			defaultConfigurationIsVisible = 0;
			defaultConfigurationName = Release;
		};
		18A2413A2CB5CEC900C58DCA /* Build configuration list for PBXNativeTarget "SnakeGameUITests" */ = {
			isa = XCConfigurationList;
			buildConfigurations = (
				18A2413B2CB5CEC900C58DCA /* Debug */,
				18A2413C2CB5CEC900C58DCA /* Release */,
			);
			defaultConfigurationIsVisible = 0;
			defaultConfigurationName = Release;
		};
/* End XCConfigurationList section */
	};
	rootObject = 18A241082CB5CEC800C58DCA /* Project object */;
}
